
Microsoft Visual Studio Solution File, Format Version 12.00
# Visual Studio 2012
Project("{FAE04EC0-301F-11D3-BF4B-00C04F79EFBC}") = "EXam", "EXam\EXam.csproj", "{27A1A434-F3AD-48E6-8607-4482C775DD5E}"
EndProject
Project("{FAE04EC0-301F-11D3-BF4B-00C04F79EFBC}") = "EXam.iOS", "iOS\EXam.iOS.csproj", "{603FF065-F476-4938-864A-6028F56E33AD}"
EndProject
Project("{FAE04EC0-301F-11D3-BF4B-00C04F79EFBC}") = "EXam.Droid", "Droid\EXam.Droid.csproj", "{368B980D-5FA2-4276-9588-8F2A0848A9C1}"
EndProject
Global
	GlobalSection(SolutionConfigurationPlatforms) = preSolution
		Debug|Any CPU = Debug|Any CPU
		Release|Any CPU = Release|Any CPU
		Debug|iPhoneSimulator = Debug|iPhoneSimulator
		Release|iPhone = Release|iPhone
		Release|iPhoneSimulator = Release|iPhoneSimulator
		Debug|iPhone = Debug|iPhone
	EndGlobalSection
	GlobalSection(ProjectConfigurationPlatforms) = postSolution
		{27A1A434-F3AD-48E6-8607-4482C775DD5E}.Debug|Any CPU.ActiveCfg = Debug|Any CPU
		{27A1A434-F3AD-48E6-8607-4482C775DD5E}.Debug|Any CPU.Build.0 = Debug|Any CPU
		{27A1A434-F3AD-48E6-8607-4482C775DD5E}.Release|Any CPU.ActiveCfg = Release|Any CPU
		{27A1A434-F3AD-48E6-8607-4482C775DD5E}.Release|Any CPU.Build.0 = Release|Any CPU
		{27A1A434-F3AD-48E6-8607-4482C775DD5E}.Debug|iPhoneSimulator.ActiveCfg = Debug|Any CPU
		{27A1A434-F3AD-48E6-8607-4482C775DD5E}.Debug|iPhoneSimulator.Build.0 = Debug|Any CPU
		{27A1A434-F3AD-48E6-8607-4482C775DD5E}.Release|iPhone.ActiveCfg = Release|Any CPU
		{27A1A434-F3AD-48E6-8607-4482C775DD5E}.Release|iPhone.Build.0 = Release|Any CPU
		{27A1A434-F3AD-48E6-8607-4482C775DD5E}.Release|iPhoneSimulator.ActiveCfg = Release|Any CPU
		{27A1A434-F3AD-48E6-8607-4482C775DD5E}.Release|iPhoneSimulator.Build.0 = Release|Any CPU
		{27A1A434-F3AD-48E6-8607-4482C775DD5E}.Debug|iPhone.ActiveCfg = Debug|Any CPU
		{27A1A434-F3AD-48E6-8607-4482C775DD5E}.Debug|iPhone.Build.0 = Debug|Any CPU
		{603FF065-F476-4938-864A-6028F56E33AD}.Debug|Any CPU.ActiveCfg = Debug|iPhoneSimulator
		{603FF065-F476-4938-864A-6028F56E33AD}.Debug|Any CPU.Build.0 = Debug|iPhoneSimulator
		{603FF065-F476-4938-864A-6028F56E33AD}.Release|Any CPU.ActiveCfg = Release|iPhone
		{603FF065-F476-4938-864A-6028F56E33AD}.Release|Any CPU.Build.0 = Release|iPhone
		{603FF065-F476-4938-864A-6028F56E33AD}.Debug|iPhoneSimulator.ActiveCfg = Debug|iPhoneSimulator
		{603FF065-F476-4938-864A-6028F56E33AD}.Debug|iPhoneSimulator.Build.0 = Debug|iPhoneSimulator
		{603FF065-F476-4938-864A-6028F56E33AD}.Release|iPhone.ActiveCfg = Release|iPhone
		{603FF065-F476-4938-864A-6028F56E33AD}.Release|iPhone.Build.0 = Release|iPhone
		{603FF065-F476-4938-864A-6028F56E33AD}.Release|iPhoneSimulator.ActiveCfg = Release|iPhoneSimulator
		{603FF065-F476-4938-864A-6028F56E33AD}.Release|iPhoneSimulator.Build.0 = Release|iPhoneSimulator
		{603FF065-F476-4938-864A-6028F56E33AD}.Debug|iPhone.ActiveCfg = Debug|iPhone
		{603FF065-F476-4938-864A-6028F56E33AD}.Debug|iPhone.Build.0 = Debug|iPhone
		{368B980D-5FA2-4276-9588-8F2A0848A9C1}.Debug|Any CPU.ActiveCfg = Debug|Any CPU
		{368B980D-5FA2-4276-9588-8F2A0848A9C1}.Debug|Any CPU.Build.0 = Debug|Any CPU
		{368B980D-5FA2-4276-9588-8F2A0848A9C1}.Release|Any CPU.ActiveCfg = Release|Any CPU
		{368B980D-5FA2-4276-9588-8F2A0848A9C1}.Release|Any CPU.Build.0 = Release|Any CPU
		{368B980D-5FA2-4276-9588-8F2A0848A9C1}.Debug|iPhoneSimulator.ActiveCfg = Debug|Any CPU
		{368B980D-5FA2-4276-9588-8F2A0848A9C1}.Debug|iPhoneSimulator.Build.0 = Debug|Any CPU
		{368B980D-5FA2-4276-9588-8F2A0848A9C1}.Release|iPhone.ActiveCfg = Release|Any CPU
		{368B980D-5FA2-4276-9588-8F2A0848A9C1}.Release|iPhone.Build.0 = Release|Any CPU
		{368B980D-5FA2-4276-9588-8F2A0848A9C1}.Release|iPhoneSimulator.ActiveCfg = Release|Any CPU
		{368B980D-5FA2-4276-9588-8F2A0848A9C1}.Release|iPhoneSimulator.Build.0 = Release|Any CPU
		{368B980D-5FA2-4276-9588-8F2A0848A9C1}.Debug|iPhone.ActiveCfg = Debug|Any CPU
		{368B980D-5FA2-4276-9588-8F2A0848A9C1}.Debug|iPhone.Build.0 = Debug|Any CPU
	EndGlobalSection
EndGlobal
